lockfileVersion: '6.0'

settings:
  autoInstallPeers: true
  excludeLinksFromLockfile: false

dependencies:
  pnpm:
    specifier: 8.10.0
    version: 8.10.0

packages:

  /pnpm@8.10.0:
    resolution: {integrity: sha512-nCy4Pyts9qJdjFgwC/mRl8fvO+hM8+dm8pBUtAuDtC+Kq6b8wxSp7PJ8APfOgKdXu0xgiADnrb4tKdxccFb1vg==}
    engines: {node: '>=16.14'}
    hasBin: true
    dev: false
